{
  "name": "pixel-streamer",
  "version": "0.0.5",
  "lockfileVersion": 1,
  "requires": true,
  "dependencies": {
    "ws": {
      "version": "7.4.4",
      "resolved": "https://registry.npmjs.org/ws/-/ws-7.4.4.tgz",
      "integrity": "sha512-Qm8k8ojNQIMx7S+Zp8u/uHOx7Qazv3Yv4q68MiWWWOJhiwG5W3x7iqmRtJo8xxrciZUY4vRxUTJCKuRnF28ZZw=="
    }
  }
}
