{
  "name": "pixel-stream",
  "requires": true,
  "lockfileVersion": 1,
  "dependencies": {
    "ws": {
      "version": "8.2.0",
      "resolved": "https://registry.npmjs.org/ws/-/ws-8.2.0.tgz",
      "integrity": "sha512-uYhVJ/m9oXwEI04iIVmgLmugh2qrZihkywG9y5FfZV2ATeLIzHf93qs+tUNqlttbQK957/VX3mtwAS+UfIwA4g=="
    }
  }
}
